
Microsoft Visual Studio Solution File, Format Version 12.00
# Visual Studio Version 17
VisualStudioVersion = 17.14.36603.0
MinimumVisualStudioVersion = 10.0.40219.1
Project("{2150E333-8FDC-42A3-9474-1A3956D46DE8}") = "src", "src", "{02EA681E-C7D8-13C7-8484-4AC65E1B71E8}"
EndProject
Project("{2150E333-8FDC-42A3-9474-1A3956D46DE8}") = "tests", "tests", "{39E15DDC-9F31-4B22-B205-5252D9676757}"
EndProject
Project("{2150E333-8FDC-42A3-9474-1A3956D46DE8}") = "Host", "Host", "{BF3D2E83-9565-4283-B42F-E8A7E99CBB0D}"
EndProject
Project("{2150E333-8FDC-42A3-9474-1A3956D46DE8}") = "Shared", "Shared", "{2A1F8E00-5A7F-4BC8-B5E6-7E8DD56BAB2C}"
EndProject
Project("{2150E333-8FDC-42A3-9474-1A3956D46DE8}") = "Modules", "Modules", "{DEE7EFC0-D713-47B0-8BAB-F5737230B65B}"
EndProject
Project("{2150E333-8FDC-42A3-9474-1A3956D46DE8}") = "User", "User", "{0F36D5C1-9F1E-45F1-B135-0E9BDF7F63BA}"
EndProject
Project("{2150E333-8FDC-42A3-9474-1A3956D46DE8}") = "Advert", "Advert", "{DA896E93-7C6C-4D78-AECA-E66362E5C56D}"
EndProject
Project("{FAE04EC0-301F-11D3-BF4B-00C04F79EFBC}") = "HayatiArac.SharedKernel", "HayatiArac.SharedKernel\HayatiArac.SharedKernel.csproj", "{3CE81E0A-E2DB-425F-AF25-6F2E83FAA21E}"
EndProject
Project("{FAE04EC0-301F-11D3-BF4B-00C04F79EFBC}") = "HayatiArac.Modules.User.Domain", "HayatiArac.Modules.User.Domain\HayatiArac.Modules.User.Domain.csproj", "{A9C2411F-0C19-4F31-A8D4-4D1D95733D63}"
EndProject
Project("{FAE04EC0-301F-11D3-BF4B-00C04F79EFBC}") = "HayatiArac.Modules.User.Application", "HayatiArac.Modules.User.Application\HayatiArac.Modules.User.Application.csproj", "{893FEDF7-281A-454F-BBCF-FE826B6267C0}"
EndProject
Project("{FAE04EC0-301F-11D3-BF4B-00C04F79EFBC}") = "HayatiArac.Modules.User.Infrastructure", "HayatiArac.Modules.User.Infrastructure\HayatiArac.Modules.User.Infrastructure.csproj", "{F032DAE0-5491-4BCD-9E02-0406F1E4F05E}"
EndProject
Project("{FAE04EC0-301F-11D3-BF4B-00C04F79EFBC}") = "HayatiArac.Modules.User.IntegrationEvents", "HayatiArac.Modules.User.IntegrationEvents\HayatiArac.Modules.User.IntegrationEvents.csproj", "{D5942200-2DC6-4B75-BBFE-470AF6E2DC45}"
EndProject
Project("{FAE04EC0-301F-11D3-BF4B-00C04F79EFBC}") = "HayatiArac.Modules.Advert.Domain", "HayatiArac.Modules.Advert.Domain\HayatiArac.Modules.Advert.Domain.csproj", "{BAA13B0E-D648-4C55-9275-8A198D810AC5}"
EndProject
Project("{FAE04EC0-301F-11D3-BF4B-00C04F79EFBC}") = "HayatiArac.Modules.Advert.Application", "HayatiArac.Modules.Advert.Application\HayatiArac.Modules.Advert.Application.csproj", "{4DCCBA43-83BC-476E-8048-FDDEBC193CEA}"
EndProject
Project("{FAE04EC0-301F-11D3-BF4B-00C04F79EFBC}") = "HayatiArac.Modules.Advert.Infrastructure", "HayatiArac.Modules.Advert.Infrastructure\HayatiArac.Modules.Advert.Infrastructure.csproj", "{F436E4F1-B60A-4CF6-A1FF-675682852558}"
EndProject
Project("{FAE04EC0-301F-11D3-BF4B-00C04F79EFBC}") = "HayatiArac.Modules.Advert.IntegrationEvents", "HayatiArac.Modules.Advert.IntegrationEvents\HayatiArac.Modules.Advert.IntegrationEvents.csproj", "{EA35EE9D-D263-4765-8C4E-86E040BE0B28}"
EndProject
Project("{FAE04EC0-301F-11D3-BF4B-00C04F79EFBC}") = "HayatiArac.Architecture.Tests", "HayatiArac.Architecture.Tests\HayatiArac.Architecture.Tests.csproj", "{EAA5871F-0C0D-44BB-B502-FBBFF063DE8F}"
EndProject
Project("{FAE04EC0-301F-11D3-BF4B-00C04F79EFBC}") = "HayatiArac.Api", "HayatiArac.Api\HayatiArac.Api.csproj", "{5FC881D3-C4A8-4758-8BFE-AFFEC94C62BD}"
EndProject
Project("{FAE04EC0-301F-11D3-BF4B-00C04F79EFBC}") = "HayatiArac.Modules.Favorite.Domain", "HayatiArac.Modules.Favorite.Domain\HayatiArac.Modules.Favorite.Domain.csproj", "{19F70A95-F6A0-4897-AB69-46D48DD4E031}"
EndProject
Project("{FAE04EC0-301F-11D3-BF4B-00C04F79EFBC}") = "HayatiArac.Modules.Favorite.Application", "HayatiArac.Modules.Favorite.Application\HayatiArac.Modules.Favorite.Application.csproj", "{7E62E700-19EE-43B7-944D-5A9AF2D15ABA}"
EndProject
Project("{FAE04EC0-301F-11D3-BF4B-00C04F79EFBC}") = "HayatiArac.Modules.Favorite.Infrastructure", "HayatiArac.Modules.Favorite.Infrastructure\HayatiArac.Modules.Favorite.Infrastructure.csproj", "{1A20617A-DC87-4033-BFCA-3B7A04DD2F3D}"
EndProject
Project("{2150E333-8FDC-42A3-9474-1A3956D46DE8}") = "Favoite", "Favoite", "{EBD5A17B-DE76-4E65-AFED-02381A0AB9AD}"
EndProject
Project("{FAE04EC0-301F-11D3-BF4B-00C04F79EFBC}") = "HayatiArac.Modules.Messaging.Domain", "HayatiArac.Modules.Messaging.Domain\HayatiArac.Modules.Messaging.Domain.csproj", "{9FFC8A60-35EC-4EE2-8B59-D4C2876FFD16}"
EndProject
Project("{FAE04EC0-301F-11D3-BF4B-00C04F79EFBC}") = "HayatiArac.Modules.Messaging.Application", "HayatiArac.Modules.Messaging.Application\HayatiArac.Modules.Messaging.Application.csproj", "{03EFB335-3652-4ACB-906F-73702B6018C0}"
EndProject
Project("{FAE04EC0-301F-11D3-BF4B-00C04F79EFBC}") = "HayatiArac.Modules.Messaging.Infrastructure", "HayatiArac.Modules.Messaging.Infrastructure\HayatiArac.Modules.Messaging.Infrastructure.csproj", "{0AEE2B3A-6C28-4445-BB07-726A0110EEFF}"
EndProject
Project("{2150E333-8FDC-42A3-9474-1A3956D46DE8}") = "Messaging", "Messaging", "{32B14666-DEBF-4C0F-B2E9-BDC1292BFC08}"
EndProject
Project("{FAE04EC0-301F-11D3-BF4B-00C04F79EFBC}") = "HayatiArac.Modules.Notification.Domain", "HayatiArac.Modules.Notification.Domain\HayatiArac.Modules.Notification.Domain.csproj", "{384DF3AB-32DD-432E-AF7A-BA0E97690380}"
EndProject
Project("{FAE04EC0-301F-11D3-BF4B-00C04F79EFBC}") = "HayatiArac.Modules.Notification.Application", "HayatiArac.Modules.Notification.Application\HayatiArac.Modules.Notification.Application.csproj", "{ADC7E1AC-0907-4BDD-9404-68F2FAC78781}"
EndProject
Project("{FAE04EC0-301F-11D3-BF4B-00C04F79EFBC}") = "HayatiArac.Modules.Notification.Infrastructure", "HayatiArac.Modules.Notification.Infrastructure\HayatiArac.Modules.Notification.Infrastructure.csproj", "{DEAB905C-D468-496D-AEE1-A9BAC40D709A}"
EndProject
Project("{2150E333-8FDC-42A3-9474-1A3956D46DE8}") = "Notification", "Notification", "{4076791A-C897-4E18-BDDF-A920B658E1F4}"
EndProject
Project("{FAE04EC0-301F-11D3-BF4B-00C04F79EFBC}") = "HayatiArac.Modules.Advert.UnitTests", "HayatiArac.Modules.Advert.UnitTests\HayatiArac.Modules.Advert.UnitTests.csproj", "{8E8CD811-338A-4DFA-83D2-C5B9DD50CEDA}"
EndProject
Project("{FAE04EC0-301F-11D3-BF4B-00C04F79EFBC}") = "HayatiArac.IntegrationTests", "HayatiArac.IntegrationTests\HayatiArac.IntegrationTests.csproj", "{19E6138C-43FA-417C-8B17-C31D6D0BAE61}"
EndProject
Global
	GlobalSection(SolutionConfigurationPlatforms) = preSolution
		Debug|Any CPU = Debug|Any CPU
		Debug|x64 = Debug|x64
		Debug|x86 = Debug|x86
		Release|Any CPU = Release|Any CPU
		Release|x64 = Release|x64
		Release|x86 = Release|x86
	EndGlobalSection
	GlobalSection(ProjectConfigurationPlatforms) = postSolution
		{3CE81E0A-E2DB-425F-AF25-6F2E83FAA21E}.Debug|Any CPU.ActiveCfg = Debug|Any CPU
		{3CE81E0A-E2DB-425F-AF25-6F2E83FAA21E}.Debug|Any CPU.Build.0 = Debug|Any CPU
		{3CE81E0A-E2DB-425F-AF25-6F2E83FAA21E}.Debug|x64.ActiveCfg = Debug|Any CPU
		{3CE81E0A-E2DB-425F-AF25-6F2E83FAA21E}.Debug|x64.Build.0 = Debug|Any CPU
		{3CE81E0A-E2DB-425F-AF25-6F2E83FAA21E}.Debug|x86.ActiveCfg = Debug|Any CPU
		{3CE81E0A-E2DB-425F-AF25-6F2E83FAA21E}.Debug|x86.Build.0 = Debug|Any CPU
		{3CE81E0A-E2DB-425F-AF25-6F2E83FAA21E}.Release|Any CPU.ActiveCfg = Release|Any CPU
		{3CE81E0A-E2DB-425F-AF25-6F2E83FAA21E}.Release|Any CPU.Build.0 = Release|Any CPU
		{3CE81E0A-E2DB-425F-AF25-6F2E83FAA21E}.Release|x64.ActiveCfg = Release|Any CPU
		{3CE81E0A-E2DB-425F-AF25-6F2E83FAA21E}.Release|x64.Build.0 = Release|Any CPU
		{3CE81E0A-E2DB-425F-AF25-6F2E83FAA21E}.Release|x86.ActiveCfg = Release|Any CPU
		{3CE81E0A-E2DB-425F-AF25-6F2E83FAA21E}.Release|x86.Build.0 = Release|Any CPU
		{A9C2411F-0C19-4F31-A8D4-4D1D95733D63}.Debug|Any CPU.ActiveCfg = Debug|Any CPU
		{A9C2411F-0C19-4F31-A8D4-4D1D95733D63}.Debug|Any CPU.Build.0 = Debug|Any CPU
		{A9C2411F-0C19-4F31-A8D4-4D1D95733D63}.Debug|x64.ActiveCfg = Debug|Any CPU
		{A9C2411F-0C19-4F31-A8D4-4D1D95733D63}.Debug|x64.Build.0 = Debug|Any CPU
		{A9C2411F-0C19-4F31-A8D4-4D1D95733D63}.Debug|x86.ActiveCfg = Debug|Any CPU
		{A9C2411F-0C19-4F31-A8D4-4D1D95733D63}.Debug|x86.Build.0 = Debug|Any CPU
		{A9C2411F-0C19-4F31-A8D4-4D1D95733D63}.Release|Any CPU.ActiveCfg = Release|Any CPU
		{A9C2411F-0C19-4F31-A8D4-4D1D95733D63}.Release|Any CPU.Build.0 = Release|Any CPU
		{A9C2411F-0C19-4F31-A8D4-4D1D95733D63}.Release|x64.ActiveCfg = Release|Any CPU
		{A9C2411F-0C19-4F31-A8D4-4D1D95733D63}.Release|x64.Build.0 = Release|Any CPU
		{A9C2411F-0C19-4F31-A8D4-4D1D95733D63}.Release|x86.ActiveCfg = Release|Any CPU
		{A9C2411F-0C19-4F31-A8D4-4D1D95733D63}.Release|x86.Build.0 = Release|Any CPU
		{893FEDF7-281A-454F-BBCF-FE826B6267C0}.Debug|Any CPU.ActiveCfg = Debug|Any CPU
		{893FEDF7-281A-454F-BBCF-FE826B6267C0}.Debug|Any CPU.Build.0 = Debug|Any CPU
		{893FEDF7-281A-454F-BBCF-FE826B6267C0}.Debug|x64.ActiveCfg = Debug|Any CPU
		{893FEDF7-281A-454F-BBCF-FE826B6267C0}.Debug|x64.Build.0 = Debug|Any CPU
		{893FEDF7-281A-454F-BBCF-FE826B6267C0}.Debug|x86.ActiveCfg = Debug|Any CPU
		{893FEDF7-281A-454F-BBCF-FE826B6267C0}.Debug|x86.Build.0 = Debug|Any CPU
		{893FEDF7-281A-454F-BBCF-FE826B6267C0}.Release|Any CPU.ActiveCfg = Release|Any CPU
		{893FEDF7-281A-454F-BBCF-FE826B6267C0}.Release|Any CPU.Build.0 = Release|Any CPU
		{893FEDF7-281A-454F-BBCF-FE826B6267C0}.Release|x64.ActiveCfg = Release|Any CPU
		{893FEDF7-281A-454F-BBCF-FE826B6267C0}.Release|x64.Build.0 = Release|Any CPU
		{893FEDF7-281A-454F-BBCF-FE826B6267C0}.Release|x86.ActiveCfg = Release|Any CPU
		{893FEDF7-281A-454F-BBCF-FE826B6267C0}.Release|x86.Build.0 = Release|Any CPU
		{F032DAE0-5491-4BCD-9E02-0406F1E4F05E}.Debug|Any CPU.ActiveCfg = Debug|Any CPU
		{F032DAE0-5491-4BCD-9E02-0406F1E4F05E}.Debug|Any CPU.Build.0 = Debug|Any CPU
		{F032DAE0-5491-4BCD-9E02-0406F1E4F05E}.Debug|x64.ActiveCfg = Debug|Any CPU
		{F032DAE0-5491-4BCD-9E02-0406F1E4F05E}.Debug|x64.Build.0 = Debug|Any CPU
		{F032DAE0-5491-4BCD-9E02-0406F1E4F05E}.Debug|x86.ActiveCfg = Debug|Any CPU
		{F032DAE0-5491-4BCD-9E02-0406F1E4F05E}.Debug|x86.Build.0 = Debug|Any CPU
		{F032DAE0-5491-4BCD-9E02-0406F1E4F05E}.Release|Any CPU.ActiveCfg = Release|Any CPU
		{F032DAE0-5491-4BCD-9E02-0406F1E4F05E}.Release|Any CPU.Build.0 = Release|Any CPU
		{F032DAE0-5491-4BCD-9E02-0406F1E4F05E}.Release|x64.ActiveCfg = Release|Any CPU
		{F032DAE0-5491-4BCD-9E02-0406F1E4F05E}.Release|x64.Build.0 = Release|Any CPU
		{F032DAE0-5491-4BCD-9E02-0406F1E4F05E}.Release|x86.ActiveCfg = Release|Any CPU
		{F032DAE0-5491-4BCD-9E02-0406F1E4F05E}.Release|x86.Build.0 = Release|Any CPU
		{D5942200-2DC6-4B75-BBFE-470AF6E2DC45}.Debug|Any CPU.ActiveCfg = Debug|Any CPU
		{D5942200-2DC6-4B75-BBFE-470AF6E2DC45}.Debug|Any CPU.Build.0 = Debug|Any CPU
		{D5942200-2DC6-4B75-BBFE-470AF6E2DC45}.Debug|x64.ActiveCfg = Debug|Any CPU
		{D5942200-2DC6-4B75-BBFE-470AF6E2DC45}.Debug|x64.Build.0 = Debug|Any CPU
		{D5942200-2DC6-4B75-BBFE-470AF6E2DC45}.Debug|x86.ActiveCfg = Debug|Any CPU
		{D5942200-2DC6-4B75-BBFE-470AF6E2DC45}.Debug|x86.Build.0 = Debug|Any CPU
		{D5942200-2DC6-4B75-BBFE-470AF6E2DC45}.Release|Any CPU.ActiveCfg = Release|Any CPU
		{D5942200-2DC6-4B75-BBFE-470AF6E2DC45}.Release|Any CPU.Build.0 = Release|Any CPU
		{D5942200-2DC6-4B75-BBFE-470AF6E2DC45}.Release|x64.ActiveCfg = Release|Any CPU
		{D5942200-2DC6-4B75-BBFE-470AF6E2DC45}.Release|x64.Build.0 = Release|Any CPU
		{D5942200-2DC6-4B75-BBFE-470AF6E2DC45}.Release|x86.ActiveCfg = Release|Any CPU
		{D5942200-2DC6-4B75-BBFE-470AF6E2DC45}.Release|x86.Build.0 = Release|Any CPU
		{BAA13B0E-D648-4C55-9275-8A198D810AC5}.Debug|Any CPU.ActiveCfg = Debug|Any CPU
		{BAA13B0E-D648-4C55-9275-8A198D810AC5}.Debug|Any CPU.Build.0 = Debug|Any CPU
		{BAA13B0E-D648-4C55-9275-8A198D810AC5}.Debug|x64.ActiveCfg = Debug|Any CPU
		{BAA13B0E-D648-4C55-9275-8A198D810AC5}.Debug|x64.Build.0 = Debug|Any CPU
		{BAA13B0E-D648-4C55-9275-8A198D810AC5}.Debug|x86.ActiveCfg = Debug|Any CPU
		{BAA13B0E-D648-4C55-9275-8A198D810AC5}.Debug|x86.Build.0 = Debug|Any CPU
		{BAA13B0E-D648-4C55-9275-8A198D810AC5}.Release|Any CPU.ActiveCfg = Release|Any CPU
		{BAA13B0E-D648-4C55-9275-8A198D810AC5}.Release|Any CPU.Build.0 = Release|Any CPU
		{BAA13B0E-D648-4C55-9275-8A198D810AC5}.Release|x64.ActiveCfg = Release|Any CPU
		{BAA13B0E-D648-4C55-9275-8A198D810AC5}.Release|x64.Build.0 = Release|Any CPU
		{BAA13B0E-D648-4C55-9275-8A198D810AC5}.Release|x86.ActiveCfg = Release|Any CPU
		{BAA13B0E-D648-4C55-9275-8A198D810AC5}.Release|x86.Build.0 = Release|Any CPU
		{4DCCBA43-83BC-476E-8048-FDDEBC193CEA}.Debug|Any CPU.ActiveCfg = Debug|Any CPU
		{4DCCBA43-83BC-476E-8048-FDDEBC193CEA}.Debug|Any CPU.Build.0 = Debug|Any CPU
		{4DCCBA43-83BC-476E-8048-FDDEBC193CEA}.Debug|x64.ActiveCfg = Debug|Any CPU
		{4DCCBA43-83BC-476E-8048-FDDEBC193CEA}.Debug|x64.Build.0 = Debug|Any CPU
		{4DCCBA43-83BC-476E-8048-FDDEBC193CEA}.Debug|x86.ActiveCfg = Debug|Any CPU
		{4DCCBA43-83BC-476E-8048-FDDEBC193CEA}.Debug|x86.Build.0 = Debug|Any CPU
		{4DCCBA43-83BC-476E-8048-FDDEBC193CEA}.Release|Any CPU.ActiveCfg = Release|Any CPU
		{4DCCBA43-83BC-476E-8048-FDDEBC193CEA}.Release|Any CPU.Build.0 = Release|Any CPU
		{4DCCBA43-83BC-476E-8048-FDDEBC193CEA}.Release|x64.ActiveCfg = Release|Any CPU
		{4DCCBA43-83BC-476E-8048-FDDEBC193CEA}.Release|x64.Build.0 = Release|Any CPU
		{4DCCBA43-83BC-476E-8048-FDDEBC193CEA}.Release|x86.ActiveCfg = Release|Any CPU
		{4DCCBA43-83BC-476E-8048-FDDEBC193CEA}.Release|x86.Build.0 = Release|Any CPU
		{F436E4F1-B60A-4CF6-A1FF-675682852558}.Debug|Any CPU.ActiveCfg = Debug|Any CPU
		{F436E4F1-B60A-4CF6-A1FF-675682852558}.Debug|Any CPU.Build.0 = Debug|Any CPU
		{F436E4F1-B60A-4CF6-A1FF-675682852558}.Debug|x64.ActiveCfg = Debug|Any CPU
		{F436E4F1-B60A-4CF6-A1FF-675682852558}.Debug|x64.Build.0 = Debug|Any CPU
		{F436E4F1-B60A-4CF6-A1FF-675682852558}.Debug|x86.ActiveCfg = Debug|Any CPU
		{F436E4F1-B60A-4CF6-A1FF-675682852558}.Debug|x86.Build.0 = Debug|Any CPU
		{F436E4F1-B60A-4CF6-A1FF-675682852558}.Release|Any CPU.ActiveCfg = Release|Any CPU
		{F436E4F1-B60A-4CF6-A1FF-675682852558}.Release|Any CPU.Build.0 = Release|Any CPU
		{F436E4F1-B60A-4CF6-A1FF-675682852558}.Release|x64.ActiveCfg = Release|Any CPU
		{F436E4F1-B60A-4CF6-A1FF-675682852558}.Release|x64.Build.0 = Release|Any CPU
		{F436E4F1-B60A-4CF6-A1FF-675682852558}.Release|x86.ActiveCfg = Release|Any CPU
		{F436E4F1-B60A-4CF6-A1FF-675682852558}.Release|x86.Build.0 = Release|Any CPU
		{EA35EE9D-D263-4765-8C4E-86E040BE0B28}.Debug|Any CPU.ActiveCfg = Debug|Any CPU
		{EA35EE9D-D263-4765-8C4E-86E040BE0B28}.Debug|Any CPU.Build.0 = Debug|Any CPU
		{EA35EE9D-D263-4765-8C4E-86E040BE0B28}.Debug|x64.ActiveCfg = Debug|Any CPU
		{EA35EE9D-D263-4765-8C4E-86E040BE0B28}.Debug|x64.Build.0 = Debug|Any CPU
		{EA35EE9D-D263-4765-8C4E-86E040BE0B28}.Debug|x86.ActiveCfg = Debug|Any CPU
		{EA35EE9D-D263-4765-8C4E-86E040BE0B28}.Debug|x86.Build.0 = Debug|Any CPU
		{EA35EE9D-D263-4765-8C4E-86E040BE0B28}.Release|Any CPU.ActiveCfg = Release|Any CPU
		{EA35EE9D-D263-4765-8C4E-86E040BE0B28}.Release|Any CPU.Build.0 = Release|Any CPU
		{EA35EE9D-D263-4765-8C4E-86E040BE0B28}.Release|x64.ActiveCfg = Release|Any CPU
		{EA35EE9D-D263-4765-8C4E-86E040BE0B28}.Release|x64.Build.0 = Release|Any CPU
		{EA35EE9D-D263-4765-8C4E-86E040BE0B28}.Release|x86.ActiveCfg = Release|Any CPU
		{EA35EE9D-D263-4765-8C4E-86E040BE0B28}.Release|x86.Build.0 = Release|Any CPU
		{EAA5871F-0C0D-44BB-B502-FBBFF063DE8F}.Debug|Any CPU.ActiveCfg = Debug|Any CPU
		{EAA5871F-0C0D-44BB-B502-FBBFF063DE8F}.Debug|Any CPU.Build.0 = Debug|Any CPU
		{EAA5871F-0C0D-44BB-B502-FBBFF063DE8F}.Debug|x64.ActiveCfg = Debug|Any CPU
		{EAA5871F-0C0D-44BB-B502-FBBFF063DE8F}.Debug|x64.Build.0 = Debug|Any CPU
		{EAA5871F-0C0D-44BB-B502-FBBFF063DE8F}.Debug|x86.ActiveCfg = Debug|Any CPU
		{EAA5871F-0C0D-44BB-B502-FBBFF063DE8F}.Debug|x86.Build.0 = Debug|Any CPU
		{EAA5871F-0C0D-44BB-B502-FBBFF063DE8F}.Release|Any CPU.ActiveCfg = Release|Any CPU
		{EAA5871F-0C0D-44BB-B502-FBBFF063DE8F}.Release|Any CPU.Build.0 = Release|Any CPU
		{EAA5871F-0C0D-44BB-B502-FBBFF063DE8F}.Release|x64.ActiveCfg = Release|Any CPU
		{EAA5871F-0C0D-44BB-B502-FBBFF063DE8F}.Release|x64.Build.0 = Release|Any CPU
		{EAA5871F-0C0D-44BB-B502-FBBFF063DE8F}.Release|x86.ActiveCfg = Release|Any CPU
		{EAA5871F-0C0D-44BB-B502-FBBFF063DE8F}.Release|x86.Build.0 = Release|Any CPU
		{5FC881D3-C4A8-4758-8BFE-AFFEC94C62BD}.Debug|Any CPU.ActiveCfg = Debug|Any CPU
		{5FC881D3-C4A8-4758-8BFE-AFFEC94C62BD}.Debug|Any CPU.Build.0 = Debug|Any CPU
		{5FC881D3-C4A8-4758-8BFE-AFFEC94C62BD}.Debug|x64.ActiveCfg = Debug|Any CPU
		{5FC881D3-C4A8-4758-8BFE-AFFEC94C62BD}.Debug|x64.Build.0 = Debug|Any CPU
		{5FC881D3-C4A8-4758-8BFE-AFFEC94C62BD}.Debug|x86.ActiveCfg = Debug|Any CPU
		{5FC881D3-C4A8-4758-8BFE-AFFEC94C62BD}.Debug|x86.Build.0 = Debug|Any CPU
		{5FC881D3-C4A8-4758-8BFE-AFFEC94C62BD}.Release|Any CPU.ActiveCfg = Release|Any CPU
		{5FC881D3-C4A8-4758-8BFE-AFFEC94C62BD}.Release|Any CPU.Build.0 = Release|Any CPU
		{5FC881D3-C4A8-4758-8BFE-AFFEC94C62BD}.Release|x64.ActiveCfg = Release|Any CPU
		{5FC881D3-C4A8-4758-8BFE-AFFEC94C62BD}.Release|x64.Build.0 = Release|Any CPU
		{5FC881D3-C4A8-4758-8BFE-AFFEC94C62BD}.Release|x86.ActiveCfg = Release|Any CPU
		{5FC881D3-C4A8-4758-8BFE-AFFEC94C62BD}.Release|x86.Build.0 = Release|Any CPU
		{19F70A95-F6A0-4897-AB69-46D48DD4E031}.Debug|Any CPU.ActiveCfg = Debug|Any CPU
		{19F70A95-F6A0-4897-AB69-46D48DD4E031}.Debug|Any CPU.Build.0 = Debug|Any CPU
		{19F70A95-F6A0-4897-AB69-46D48DD4E031}.Debug|x64.ActiveCfg = Debug|Any CPU
		{19F70A95-F6A0-4897-AB69-46D48DD4E031}.Debug|x64.Build.0 = Debug|Any CPU
		{19F70A95-F6A0-4897-AB69-46D48DD4E031}.Debug|x86.ActiveCfg = Debug|Any CPU
		{19F70A95-F6A0-4897-AB69-46D48DD4E031}.Debug|x86.Build.0 = Debug|Any CPU
		{19F70A95-F6A0-4897-AB69-46D48DD4E031}.Release|Any CPU.ActiveCfg = Release|Any CPU
		{19F70A95-F6A0-4897-AB69-46D48DD4E031}.Release|Any CPU.Build.0 = Release|Any CPU
		{19F70A95-F6A0-4897-AB69-46D48DD4E031}.Release|x64.ActiveCfg = Release|Any CPU
		{19F70A95-F6A0-4897-AB69-46D48DD4E031}.Release|x64.Build.0 = Release|Any CPU
		{19F70A95-F6A0-4897-AB69-46D48DD4E031}.Release|x86.ActiveCfg = Release|Any CPU
		{19F70A95-F6A0-4897-AB69-46D48DD4E031}.Release|x86.Build.0 = Release|Any CPU
		{7E62E700-19EE-43B7-944D-5A9AF2D15ABA}.Debug|Any CPU.ActiveCfg = Debug|Any CPU
		{7E62E700-19EE-43B7-944D-5A9AF2D15ABA}.Debug|Any CPU.Build.0 = Debug|Any CPU
		{7E62E700-19EE-43B7-944D-5A9AF2D15ABA}.Debug|x64.ActiveCfg = Debug|Any CPU
		{7E62E700-19EE-43B7-944D-5A9AF2D15ABA}.Debug|x64.Build.0 = Debug|Any CPU
		{7E62E700-19EE-43B7-944D-5A9AF2D15ABA}.Debug|x86.ActiveCfg = Debug|Any CPU
		{7E62E700-19EE-43B7-944D-5A9AF2D15ABA}.Debug|x86.Build.0 = Debug|Any CPU
		{7E62E700-19EE-43B7-944D-5A9AF2D15ABA}.Release|Any CPU.ActiveCfg = Release|Any CPU
		{7E62E700-19EE-43B7-944D-5A9AF2D15ABA}.Release|Any CPU.Build.0 = Release|Any CPU
		{7E62E700-19EE-43B7-944D-5A9AF2D15ABA}.Release|x64.ActiveCfg = Release|Any CPU
		{7E62E700-19EE-43B7-944D-5A9AF2D15ABA}.Release|x64.Build.0 = Release|Any CPU
		{7E62E700-19EE-43B7-944D-5A9AF2D15ABA}.Release|x86.ActiveCfg = Release|Any CPU
		{7E62E700-19EE-43B7-944D-5A9AF2D15ABA}.Release|x86.Build.0 = Release|Any CPU
		{1A20617A-DC87-4033-BFCA-3B7A04DD2F3D}.Debug|Any CPU.ActiveCfg = Debug|Any CPU
		{1A20617A-DC87-4033-BFCA-3B7A04DD2F3D}.Debug|Any CPU.Build.0 = Debug|Any CPU
		{1A20617A-DC87-4033-BFCA-3B7A04DD2F3D}.Debug|x64.ActiveCfg = Debug|Any CPU
		{1A20617A-DC87-4033-BFCA-3B7A04DD2F3D}.Debug|x64.Build.0 = Debug|Any CPU
		{1A20617A-DC87-4033-BFCA-3B7A04DD2F3D}.Debug|x86.ActiveCfg = Debug|Any CPU
		{1A20617A-DC87-4033-BFCA-3B7A04DD2F3D}.Debug|x86.Build.0 = Debug|Any CPU
		{1A20617A-DC87-4033-BFCA-3B7A04DD2F3D}.Release|Any CPU.ActiveCfg = Release|Any CPU
		{1A20617A-DC87-4033-BFCA-3B7A04DD2F3D}.Release|Any CPU.Build.0 = Release|Any CPU
		{1A20617A-DC87-4033-BFCA-3B7A04DD2F3D}.Release|x64.ActiveCfg = Release|Any CPU
		{1A20617A-DC87-4033-BFCA-3B7A04DD2F3D}.Release|x64.Build.0 = Release|Any CPU
		{1A20617A-DC87-4033-BFCA-3B7A04DD2F3D}.Release|x86.ActiveCfg = Release|Any CPU
		{1A20617A-DC87-4033-BFCA-3B7A04DD2F3D}.Release|x86.Build.0 = Release|Any CPU
		{9FFC8A60-35EC-4EE2-8B59-D4C2876FFD16}.Debug|Any CPU.ActiveCfg = Debug|Any CPU
		{9FFC8A60-35EC-4EE2-8B59-D4C2876FFD16}.Debug|Any CPU.Build.0 = Debug|Any CPU
		{9FFC8A60-35EC-4EE2-8B59-D4C2876FFD16}.Debug|x64.ActiveCfg = Debug|Any CPU
		{9FFC8A60-35EC-4EE2-8B59-D4C2876FFD16}.Debug|x64.Build.0 = Debug|Any CPU
		{9FFC8A60-35EC-4EE2-8B59-D4C2876FFD16}.Debug|x86.ActiveCfg = Debug|Any CPU
		{9FFC8A60-35EC-4EE2-8B59-D4C2876FFD16}.Debug|x86.Build.0 = Debug|Any CPU
		{9FFC8A60-35EC-4EE2-8B59-D4C2876FFD16}.Release|Any CPU.ActiveCfg = Release|Any CPU
		{9FFC8A60-35EC-4EE2-8B59-D4C2876FFD16}.Release|Any CPU.Build.0 = Release|Any CPU
		{9FFC8A60-35EC-4EE2-8B59-D4C2876FFD16}.Release|x64.ActiveCfg = Release|Any CPU
		{9FFC8A60-35EC-4EE2-8B59-D4C2876FFD16}.Release|x64.Build.0 = Release|Any CPU
		{9FFC8A60-35EC-4EE2-8B59-D4C2876FFD16}.Release|x86.ActiveCfg = Release|Any CPU
		{9FFC8A60-35EC-4EE2-8B59-D4C2876FFD16}.Release|x86.Build.0 = Release|Any CPU
		{03EFB335-3652-4ACB-906F-73702B6018C0}.Debug|Any CPU.ActiveCfg = Debug|Any CPU
		{03EFB335-3652-4ACB-906F-73702B6018C0}.Debug|Any CPU.Build.0 = Debug|Any CPU
		{03EFB335-3652-4ACB-906F-73702B6018C0}.Debug|x64.ActiveCfg = Debug|Any CPU
		{03EFB335-3652-4ACB-906F-73702B6018C0}.Debug|x64.Build.0 = Debug|Any CPU
		{03EFB335-3652-4ACB-906F-73702B6018C0}.Debug|x86.ActiveCfg = Debug|Any CPU
		{03EFB335-3652-4ACB-906F-73702B6018C0}.Debug|x86.Build.0 = Debug|Any CPU
		{03EFB335-3652-4ACB-906F-73702B6018C0}.Release|Any CPU.ActiveCfg = Release|Any CPU
		{03EFB335-3652-4ACB-906F-73702B6018C0}.Release|Any CPU.Build.0 = Release|Any CPU
		{03EFB335-3652-4ACB-906F-73702B6018C0}.Release|x64.ActiveCfg = Release|Any CPU
		{03EFB335-3652-4ACB-906F-73702B6018C0}.Release|x64.Build.0 = Release|Any CPU
		{03EFB335-3652-4ACB-906F-73702B6018C0}.Release|x86.ActiveCfg = Release|Any CPU
		{03EFB335-3652-4ACB-906F-73702B6018C0}.Release|x86.Build.0 = Release|Any CPU
		{0AEE2B3A-6C28-4445-BB07-726A0110EEFF}.Debug|Any CPU.ActiveCfg = Debug|Any CPU
		{0AEE2B3A-6C28-4445-BB07-726A0110EEFF}.Debug|Any CPU.Build.0 = Debug|Any CPU
		{0AEE2B3A-6C28-4445-BB07-726A0110EEFF}.Debug|x64.ActiveCfg = Debug|Any CPU
		{0AEE2B3A-6C28-4445-BB07-726A0110EEFF}.Debug|x64.Build.0 = Debug|Any CPU
		{0AEE2B3A-6C28-4445-BB07-726A0110EEFF}.Debug|x86.ActiveCfg = Debug|Any CPU
		{0AEE2B3A-6C28-4445-BB07-726A0110EEFF}.Debug|x86.Build.0 = Debug|Any CPU
		{0AEE2B3A-6C28-4445-BB07-726A0110EEFF}.Release|Any CPU.ActiveCfg = Release|Any CPU
		{0AEE2B3A-6C28-4445-BB07-726A0110EEFF}.Release|Any CPU.Build.0 = Release|Any CPU
		{0AEE2B3A-6C28-4445-BB07-726A0110EEFF}.Release|x64.ActiveCfg = Release|Any CPU
		{0AEE2B3A-6C28-4445-BB07-726A0110EEFF}.Release|x64.Build.0 = Release|Any CPU
		{0AEE2B3A-6C28-4445-BB07-726A0110EEFF}.Release|x86.ActiveCfg = Release|Any CPU
		{0AEE2B3A-6C28-4445-BB07-726A0110EEFF}.Release|x86.Build.0 = Release|Any CPU
		{384DF3AB-32DD-432E-AF7A-BA0E97690380}.Debug|Any CPU.ActiveCfg = Debug|Any CPU
		{384DF3AB-32DD-432E-AF7A-BA0E97690380}.Debug|Any CPU.Build.0 = Debug|Any CPU
		{384DF3AB-32DD-432E-AF7A-BA0E97690380}.Debug|x64.ActiveCfg = Debug|Any CPU
		{384DF3AB-32DD-432E-AF7A-BA0E97690380}.Debug|x64.Build.0 = Debug|Any CPU
		{384DF3AB-32DD-432E-AF7A-BA0E97690380}.Debug|x86.ActiveCfg = Debug|Any CPU
		{384DF3AB-32DD-432E-AF7A-BA0E97690380}.Debug|x86.Build.0 = Debug|Any CPU
		{384DF3AB-32DD-432E-AF7A-BA0E97690380}.Release|Any CPU.ActiveCfg = Release|Any CPU
		{384DF3AB-32DD-432E-AF7A-BA0E97690380}.Release|Any CPU.Build.0 = Release|Any CPU
		{384DF3AB-32DD-432E-AF7A-BA0E97690380}.Release|x64.ActiveCfg = Release|Any CPU
		{384DF3AB-32DD-432E-AF7A-BA0E97690380}.Release|x64.Build.0 = Release|Any CPU
		{384DF3AB-32DD-432E-AF7A-BA0E97690380}.Release|x86.ActiveCfg = Release|Any CPU
		{384DF3AB-32DD-432E-AF7A-BA0E97690380}.Release|x86.Build.0 = Release|Any CPU
		{ADC7E1AC-0907-4BDD-9404-68F2FAC78781}.Debug|Any CPU.ActiveCfg = Debug|Any CPU
		{ADC7E1AC-0907-4BDD-9404-68F2FAC78781}.Debug|Any CPU.Build.0 = Debug|Any CPU
		{ADC7E1AC-0907-4BDD-9404-68F2FAC78781}.Debug|x64.ActiveCfg = Debug|Any CPU
		{ADC7E1AC-0907-4BDD-9404-68F2FAC78781}.Debug|x64.Build.0 = Debug|Any CPU
		{ADC7E1AC-0907-4BDD-9404-68F2FAC78781}.Debug|x86.ActiveCfg = Debug|Any CPU
		{ADC7E1AC-0907-4BDD-9404-68F2FAC78781}.Debug|x86.Build.0 = Debug|Any CPU
		{ADC7E1AC-0907-4BDD-9404-68F2FAC78781}.Release|Any CPU.ActiveCfg = Release|Any CPU
		{ADC7E1AC-0907-4BDD-9404-68F2FAC78781}.Release|Any CPU.Build.0 = Release|Any CPU
		{ADC7E1AC-0907-4BDD-9404-68F2FAC78781}.Release|x64.ActiveCfg = Release|Any CPU
		{ADC7E1AC-0907-4BDD-9404-68F2FAC78781}.Release|x64.Build.0 = Release|Any CPU
		{ADC7E1AC-0907-4BDD-9404-68F2FAC78781}.Release|x86.ActiveCfg = Release|Any CPU
		{ADC7E1AC-0907-4BDD-9404-68F2FAC78781}.Release|x86.Build.0 = Release|Any CPU
		{DEAB905C-D468-496D-AEE1-A9BAC40D709A}.Debug|Any CPU.ActiveCfg = Debug|Any CPU
		{DEAB905C-D468-496D-AEE1-A9BAC40D709A}.Debug|Any CPU.Build.0 = Debug|Any CPU
		{DEAB905C-D468-496D-AEE1-A9BAC40D709A}.Debug|x64.ActiveCfg = Debug|Any CPU
		{DEAB905C-D468-496D-AEE1-A9BAC40D709A}.Debug|x64.Build.0 = Debug|Any CPU
		{DEAB905C-D468-496D-AEE1-A9BAC40D709A}.Debug|x86.ActiveCfg = Debug|Any CPU
		{DEAB905C-D468-496D-AEE1-A9BAC40D709A}.Debug|x86.Build.0 = Debug|Any CPU
		{DEAB905C-D468-496D-AEE1-A9BAC40D709A}.Release|Any CPU.ActiveCfg = Release|Any CPU
		{DEAB905C-D468-496D-AEE1-A9BAC40D709A}.Release|Any CPU.Build.0 = Release|Any CPU
		{DEAB905C-D468-496D-AEE1-A9BAC40D709A}.Release|x64.ActiveCfg = Release|Any CPU
		{DEAB905C-D468-496D-AEE1-A9BAC40D709A}.Release|x64.Build.0 = Release|Any CPU
		{DEAB905C-D468-496D-AEE1-A9BAC40D709A}.Release|x86.ActiveCfg = Release|Any CPU
		{DEAB905C-D468-496D-AEE1-A9BAC40D709A}.Release|x86.Build.0 = Release|Any CPU
		{8E8CD811-338A-4DFA-83D2-C5B9DD50CEDA}.Debug|Any CPU.ActiveCfg = Debug|Any CPU
		{8E8CD811-338A-4DFA-83D2-C5B9DD50CEDA}.Debug|Any CPU.Build.0 = Debug|Any CPU
		{8E8CD811-338A-4DFA-83D2-C5B9DD50CEDA}.Debug|x64.ActiveCfg = Debug|Any CPU
		{8E8CD811-338A-4DFA-83D2-C5B9DD50CEDA}.Debug|x64.Build.0 = Debug|Any CPU
		{8E8CD811-338A-4DFA-83D2-C5B9DD50CEDA}.Debug|x86.ActiveCfg = Debug|Any CPU
		{8E8CD811-338A-4DFA-83D2-C5B9DD50CEDA}.Debug|x86.Build.0 = Debug|Any CPU
		{8E8CD811-338A-4DFA-83D2-C5B9DD50CEDA}.Release|Any CPU.ActiveCfg = Release|Any CPU
		{8E8CD811-338A-4DFA-83D2-C5B9DD50CEDA}.Release|Any CPU.Build.0 = Release|Any CPU
		{8E8CD811-338A-4DFA-83D2-C5B9DD50CEDA}.Release|x64.ActiveCfg = Release|Any CPU
		{8E8CD811-338A-4DFA-83D2-C5B9DD50CEDA}.Release|x64.Build.0 = Release|Any CPU
		{8E8CD811-338A-4DFA-83D2-C5B9DD50CEDA}.Release|x86.ActiveCfg = Release|Any CPU
		{8E8CD811-338A-4DFA-83D2-C5B9DD50CEDA}.Release|x86.Build.0 = Release|Any CPU
		{19E6138C-43FA-417C-8B17-C31D6D0BAE61}.Debug|Any CPU.ActiveCfg = Debug|Any CPU
		{19E6138C-43FA-417C-8B17-C31D6D0BAE61}.Debug|Any CPU.Build.0 = Debug|Any CPU
		{19E6138C-43FA-417C-8B17-C31D6D0BAE61}.Debug|x64.ActiveCfg = Debug|Any CPU
		{19E6138C-43FA-417C-8B17-C31D6D0BAE61}.Debug|x64.Build.0 = Debug|Any CPU
		{19E6138C-43FA-417C-8B17-C31D6D0BAE61}.Debug|x86.ActiveCfg = Debug|Any CPU
		{19E6138C-43FA-417C-8B17-C31D6D0BAE61}.Debug|x86.Build.0 = Debug|Any CPU
		{19E6138C-43FA-417C-8B17-C31D6D0BAE61}.Release|Any CPU.ActiveCfg = Release|Any CPU
		{19E6138C-43FA-417C-8B17-C31D6D0BAE61}.Release|Any CPU.Build.0 = Release|Any CPU
		{19E6138C-43FA-417C-8B17-C31D6D0BAE61}.Release|x64.ActiveCfg = Release|Any CPU
		{19E6138C-43FA-417C-8B17-C31D6D0BAE61}.Release|x64.Build.0 = Release|Any CPU
		{19E6138C-43FA-417C-8B17-C31D6D0BAE61}.Release|x86.ActiveCfg = Release|Any CPU
		{19E6138C-43FA-417C-8B17-C31D6D0BAE61}.Release|x86.Build.0 = Release|Any CPU
	EndGlobalSection
	GlobalSection(SolutionProperties) = preSolution
		HideSolutionNode = FALSE
	EndGlobalSection
	GlobalSection(NestedProjects) = preSolution
		{BF3D2E83-9565-4283-B42F-E8A7E99CBB0D} = {02EA681E-C7D8-13C7-8484-4AC65E1B71E8}
		{2A1F8E00-5A7F-4BC8-B5E6-7E8DD56BAB2C} = {DEE7EFC0-D713-47B0-8BAB-F5737230B65B}
		{DEE7EFC0-D713-47B0-8BAB-F5737230B65B} = {02EA681E-C7D8-13C7-8484-4AC65E1B71E8}
		{0F36D5C1-9F1E-45F1-B135-0E9BDF7F63BA} = {DEE7EFC0-D713-47B0-8BAB-F5737230B65B}
		{DA896E93-7C6C-4D78-AECA-E66362E5C56D} = {DEE7EFC0-D713-47B0-8BAB-F5737230B65B}
		{3CE81E0A-E2DB-425F-AF25-6F2E83FAA21E} = {2A1F8E00-5A7F-4BC8-B5E6-7E8DD56BAB2C}
		{A9C2411F-0C19-4F31-A8D4-4D1D95733D63} = {0F36D5C1-9F1E-45F1-B135-0E9BDF7F63BA}
		{893FEDF7-281A-454F-BBCF-FE826B6267C0} = {0F36D5C1-9F1E-45F1-B135-0E9BDF7F63BA}
		{F032DAE0-5491-4BCD-9E02-0406F1E4F05E} = {0F36D5C1-9F1E-45F1-B135-0E9BDF7F63BA}
		{D5942200-2DC6-4B75-BBFE-470AF6E2DC45} = {0F36D5C1-9F1E-45F1-B135-0E9BDF7F63BA}
		{BAA13B0E-D648-4C55-9275-8A198D810AC5} = {DA896E93-7C6C-4D78-AECA-E66362E5C56D}
		{4DCCBA43-83BC-476E-8048-FDDEBC193CEA} = {DA896E93-7C6C-4D78-AECA-E66362E5C56D}
		{F436E4F1-B60A-4CF6-A1FF-675682852558} = {DA896E93-7C6C-4D78-AECA-E66362E5C56D}
		{EA35EE9D-D263-4765-8C4E-86E040BE0B28} = {DA896E93-7C6C-4D78-AECA-E66362E5C56D}
		{EAA5871F-0C0D-44BB-B502-FBBFF063DE8F} = {39E15DDC-9F31-4B22-B205-5252D9676757}
		{5FC881D3-C4A8-4758-8BFE-AFFEC94C62BD} = {BF3D2E83-9565-4283-B42F-E8A7E99CBB0D}
		{19F70A95-F6A0-4897-AB69-46D48DD4E031} = {EBD5A17B-DE76-4E65-AFED-02381A0AB9AD}
		{7E62E700-19EE-43B7-944D-5A9AF2D15ABA} = {EBD5A17B-DE76-4E65-AFED-02381A0AB9AD}
		{1A20617A-DC87-4033-BFCA-3B7A04DD2F3D} = {EBD5A17B-DE76-4E65-AFED-02381A0AB9AD}
		{EBD5A17B-DE76-4E65-AFED-02381A0AB9AD} = {DEE7EFC0-D713-47B0-8BAB-F5737230B65B}
		{9FFC8A60-35EC-4EE2-8B59-D4C2876FFD16} = {32B14666-DEBF-4C0F-B2E9-BDC1292BFC08}
		{03EFB335-3652-4ACB-906F-73702B6018C0} = {32B14666-DEBF-4C0F-B2E9-BDC1292BFC08}
		{0AEE2B3A-6C28-4445-BB07-726A0110EEFF} = {32B14666-DEBF-4C0F-B2E9-BDC1292BFC08}
		{32B14666-DEBF-4C0F-B2E9-BDC1292BFC08} = {DEE7EFC0-D713-47B0-8BAB-F5737230B65B}
		{384DF3AB-32DD-432E-AF7A-BA0E97690380} = {4076791A-C897-4E18-BDDF-A920B658E1F4}
		{ADC7E1AC-0907-4BDD-9404-68F2FAC78781} = {4076791A-C897-4E18-BDDF-A920B658E1F4}
		{DEAB905C-D468-496D-AEE1-A9BAC40D709A} = {4076791A-C897-4E18-BDDF-A920B658E1F4}
		{4076791A-C897-4E18-BDDF-A920B658E1F4} = {DEE7EFC0-D713-47B0-8BAB-F5737230B65B}
		{8E8CD811-338A-4DFA-83D2-C5B9DD50CEDA} = {39E15DDC-9F31-4B22-B205-5252D9676757}
	EndGlobalSection
	GlobalSection(ExtensibilityGlobals) = postSolution
		SolutionGuid = {19E507E6-565E-4651-88A0-0E77E750DBE0}
	EndGlobalSection
EndGlobal
